// !$*UTF8*$!
{
	archiveVersion = 1;
	classes = {
	};
	objectVersion = 77;
	objects = {

/* Begin PBXContainerItemProxy section */
		CA285BC42E714BD2008BE112 /* PBXContainerItemProxy */ = {
			isa = PBXContainerItemProxy;
			containerPortal = CA285BA72E714BCF008BE112 /* Project object */;
			proxyType = 1;
			remoteGlobalIDString = CA285BAE2E714BCF008BE112;
			remoteInfo = "Isla Reader";
		};
		CA285BCE2E714BD2008BE112 /* PBXContainerItemProxy */ = {
			isa = PBXContainerItemProxy;
			containerPortal = CA285BA72E714BCF008BE112 /* Project object */;
			proxyType = 1;
			remoteGlobalIDString = CA285BAE2E714BCF008BE112;
			remoteInfo = "Isla Reader";
		};
/* End PBXContainerItemProxy section */

/* Begin PBXFileReference section */
		CA285BAF2E714BCF008BE112 /* Isla Reader.app */ = {isa = PBXFileReference; explicitFileType = wrapper.application; includeInIndex = 0; path = "Isla Reader.app"; sourceTree = BUILT_PRODUCTS_DIR; };
		CA285BC32E714BD2008BE112 /* Isla ReaderTests.xctest */ = {isa = PBXFileReference; explicitFileType = wrapper.cfbundle; includeInIndex = 0; path = "Isla ReaderTests.xctest"; sourceTree = BUILT_PRODUCTS_DIR; };
		CA285BCD2E714BD2008BE112 /* Isla ReaderUITests.xctest */ = {isa = PBXFileReference; explicitFileType = wrapper.cfbundle; includeInIndex = 0; path = "Isla ReaderUITests.xctest"; sourceTree = BUILT_PRODUCTS_DIR; };
/* End PBXFileReference section */

/* Begin PBXFileSystemSynchronizedBuildFileExceptionSet section */
		CA285BD52E714BD2008BE112 /* Exceptions for "Isla Reader" folder in "Isla Reader" target */ = {
			isa = PBXFileSystemSynchronizedBuildFileExceptionSet;
			membershipExceptions = (
				Info.plist,
			);
			target = CA285BAE2E714BCF008BE112 /* Isla Reader */;
		};
/* End PBXFileSystemSynchronizedBuildFileExceptionSet section */

/* Begin PBXFileSystemSynchronizedRootGroup section */
		CA285BB12E714BCF008BE112 /* Isla Reader */ = {
			isa = PBXFileSystemSynchronizedRootGroup;
			exceptions = (
				CA285BD52E714BD2008BE112 /* Exceptions for "Isla Reader" folder in "Isla Reader" target */,
			);
			path = "Isla Reader";
			sourceTree = "<group>";
		};
		CA285BC62E714BD2008BE112 /* Isla ReaderTests */ = {
			isa = PBXFileSystemSynchronizedRootGroup;
			path = "Isla ReaderTests";
			sourceTree = "<group>";
		};
		CA285BD02E714BD2008BE112 /* Isla ReaderUITests */ = {
			isa = PBXFileSystemSynchronizedRootGroup;
			path = "Isla ReaderUITests";
			sourceTree = "<group>";
		};
/* End PBXFileSystemSynchronizedRootGroup section */

/* Begin PBXFrameworksBuildPhase section */
		CA285BAC2E714BCF008BE112 /* Frameworks */ = {
			isa = PBXFrameworksBuildPhase;
			buildActionMask = 2147483647;
			files = (
			);
			runOnlyForDeploymentPostprocessing = 0;
		};
		CA285BC02E714BD2008BE112 /* Frameworks */ = {
			isa = PBXFrameworksBuildPhase;
			buildActionMask = 2147483647;
			files = (
			);
			runOnlyForDeploymentPostprocessing = 0;
		};
		CA285BCA2E714BD2008BE112 /* Frameworks */ = {
			isa = PBXFrameworksBuildPhase;
			buildActionMask = 2147483647;
			files = (
			);
			runOnlyForDeploymentPostprocessing = 0;
		};
/* End PBXFrameworksBuildPhase section */

/* Begin PBXGroup section */
		CA285BA62E714BCF008BE112 = {
			isa = PBXGroup;
			children = (
				CA285BB12E714BCF008BE112 /* Isla Reader */,
				CA285BC62E714BD2008BE112 /* Isla ReaderTests */,
				CA285BD02E714BD2008BE112 /* Isla ReaderUITests */,
				CA285BB02E714BCF008BE112 /* Products */,
			);
			sourceTree = "<group>";
		};
		CA285BB02E714BCF008BE112 /* Products */ = {
			isa = PBXGroup;
			children = (
				CA285BAF2E714BCF008BE112 /* Isla Reader.app */,
				CA285BC32E714BD2008BE112 /* Isla ReaderTests.xctest */,
				CA285BCD2E714BD2008BE112 /* Isla ReaderUITests.xctest */,
			);
			name = Products;
			sourceTree = "<group>";
		};
/* End PBXGroup section */

/* Begin PBXNativeTarget section */
		CA285BAE2E714BCF008BE112 /* Isla Reader */ = {
			isa = PBXNativeTarget;
			buildConfigurationList = CA285BD62E714BD2008BE112 /* Build configuration list for PBXNativeTarget "Isla Reader" */;
			buildPhases = (
				CA285BAB2E714BCF008BE112 /* Sources */,
				CA285BAC2E714BCF008BE112 /* Frameworks */,
				CA285BAD2E714BCF008BE112 /* Resources */,
			);
			buildRules = (
			);
			dependencies = (
			);
			fileSystemSynchronizedGroups = (
				CA285BB12E714BCF008BE112 /* Isla Reader */,
			);
			name = "Isla Reader";
			packageProductDependencies = (
			);
			productName = "Isla Reader";
			productReference = CA285BAF2E714BCF008BE112 /* Isla Reader.app */;
			productType = "com.apple.product-type.application";
		};
		CA285BC22E714BD2008BE112 /* Isla ReaderTests */ = {
			isa = PBXNativeTarget;
			buildConfigurationList = CA285BDB2E714BD2008BE112 /* Build configuration list for PBXNativeTarget "Isla ReaderTests" */;
			buildPhases = (
				CA285BBF2E714BD2008BE112 /* Sources */,
				CA285BC02E714BD2008BE112 /* Frameworks */,
				CA285BC12E714BD2008BE112 /* Resources */,
			);
			buildRules = (
			);
			dependencies = (
				CA285BC52E714BD2008BE112 /* PBXTargetDependency */,
			);
			fileSystemSynchronizedGroups = (
				CA285BC62E714BD2008BE112 /* Isla ReaderTests */,
			);
			name = "Isla ReaderTests";
			packageProductDependencies = (
			);
			productName = "Isla ReaderTests";
			productReference = CA285BC32E714BD2008BE112 /* Isla ReaderTests.xctest */;
			productType = "com.apple.product-type.bundle.unit-test";
		};
		CA285BCC2E714BD2008BE112 /* Isla ReaderUITests */ = {
			isa = PBXNativeTarget;
			buildConfigurationList = CA285BDE2E714BD2008BE112 /* Build configuration list for PBXNativeTarget "Isla ReaderUITests" */;
			buildPhases = (
				CA285BC92E714BD2008BE112 /* Sources */,
				CA285BCA2E714BD2008BE112 /* Frameworks */,
				CA285BCB2E714BD2008BE112 /* Resources */,
			);
			buildRules = (
			);
			dependencies = (
				CA285BCF2E714BD2008BE112 /* PBXTargetDependency */,
			);
			fileSystemSynchronizedGroups = (
				CA285BD02E714BD2008BE112 /* Isla ReaderUITests */,
			);
			name = "Isla ReaderUITests";
			packageProductDependencies = (
			);
			productName = "Isla ReaderUITests";
			productReference = CA285BCD2E714BD2008BE112 /* Isla ReaderUITests.xctest */;
			productType = "com.apple.product-type.bundle.ui-testing";
		};
/* End PBXNativeTarget section */

/* Begin PBXProject section */
		CA285BA72E714BCF008BE112 /* Project object */ = {
			isa = PBXProject;
			attributes = {
				BuildIndependentTargetsInParallel = 1;
				LastSwiftUpdateCheck = 1640;
				LastUpgradeCheck = 1640;
				TargetAttributes = {
					CA285BAE2E714BCF008BE112 = {
						CreatedOnToolsVersion = 16.4;
					};
					CA285BC22E714BD2008BE112 = {
						CreatedOnToolsVersion = 16.4;
						TestTargetID = CA285BAE2E714BCF008BE112;
					};
					CA285BCC2E714BD2008BE112 = {
						CreatedOnToolsVersion = 16.4;
						TestTargetID = CA285BAE2E714BCF008BE112;
					};
				};
			};
			buildConfigurationList = CA285BAA2E714BCF008BE112 /* Build configuration list for PBXProject "Isla Reader" */;
			developmentRegion = en;
			hasScannedForEncodings = 0;
			knownRegions = (
				en,
				Base,
				"zh-Hans",
				ja,
				ko,
			);
			mainGroup = CA285BA62E714BCF008BE112;
			minimizedProjectReferenceProxies = 1;
			preferredProjectObjectVersion = 77;
			productRefGroup = CA285BB02E714BCF008BE112 /* Products */;
			projectDirPath = "";
			projectRoot = "";
			targets = (
				CA285BAE2E714BCF008BE112 /* Isla Reader */,
				CA285BC22E714BD2008BE112 /* Isla ReaderTests */,
				CA285BCC2E714BD2008BE112 /* Isla ReaderUITests */,
			);
		};
/* End PBXProject section */

/* Begin PBXResourcesBuildPhase section */
		CA285BAD2E714BCF008BE112 /* Resources */ = {
			isa = PBXResourcesBuildPhase;
			buildActionMask = 2147483647;
			files = (
			);
			runOnlyForDeploymentPostprocessing = 0;
		};
		CA285BC12E714BD2008BE112 /* Resources */ = {
			isa = PBXResourcesBuildPhase;
			buildActionMask = 2147483647;
			files = (
			);
			runOnlyForDeploymentPostprocessing = 0;
		};
		CA285BCB2E714BD2008BE112 /* Resources */ = {
			isa = PBXResourcesBuildPhase;
			buildActionMask = 2147483647;
			files = (
			);
			runOnlyForDeploymentPostprocessing = 0;
		};
/* End PBXResourcesBuildPhase section */

/* Begin PBXSourcesBuildPhase section */
		CA285BAB2E714BCF008BE112 /* Sources */ = {
			isa = PBXSourcesBuildPhase;
			buildActionMask = 2147483647;
			files = (
			);
			runOnlyForDeploymentPostprocessing = 0;
		};
		CA285BBF2E714BD2008BE112 /* Sources */ = {
			isa = PBXSourcesBuildPhase;
			buildActionMask = 2147483647;
			files = (
			);
			runOnlyForDeploymentPostprocessing = 0;
		};
		CA285BC92E714BD2008BE112 /* Sources */ = {
			isa = PBXSourcesBuildPhase;
			buildActionMask = 2147483647;
			files = (
			);
			runOnlyForDeploymentPostprocessing = 0;
		};
/* End PBXSourcesBuildPhase section */

/* Begin PBXTargetDependency section */
		CA285BC52E714BD2008BE112 /* PBXTargetDependency */ = {
			isa = PBXTargetDependency;
			target = CA285BAE2E714BCF008BE112 /* Isla Reader */;
			targetProxy = CA285BC42E714BD2008BE112 /* PBXContainerItemProxy */;
		};
		CA285BCF2E714BD2008BE112 /* PBXTargetDependency */ = {
			isa = PBXTargetDependency;
			target = CA285BAE2E714BCF008BE112 /* Isla Reader */;
			targetProxy = CA285BCE2E714BD2008BE112 /* PBXContainerItemProxy */;
		};
/* End PBXTargetDependency section */

/* Begin XCBuildConfiguration section */
		CA285BD72E714BD2008BE112 /* Debug */ = {
			isa = XCBuildConfiguration;
			buildSettings = {
				ASSETCATALOG_COMPILER_APPICON_NAME = AppIcon;
				ASSETCATALOG_COMPILER_GLOBAL_ACCENT_COLOR_NAME = AccentColor;
				CODE_SIGN_ENTITLEMENTS = "Isla Reader/Isla_Reader.entitlements";
				CODE_SIGN_STYLE = Automatic;
				CURRENT_PROJECT_VERSION = 1;
				DEVELOPMENT_TEAM = 4V7BVL9CBT;
				ENABLE_PREVIEWS = YES;
				GENERATE_INFOPLIST_FILE = YES;
				INFOPLIST_FILE = "Isla Reader/Info.plist";
				INFOPLIST_KEY_UIApplicationSceneManifest_Generation = YES;
				INFOPLIST_KEY_UIApplicationSupportsIndirectInputEvents = YES;
				INFOPLIST_KEY_UILaunchScreen_Generation = YES;
				INFOPLIST_KEY_UISupportedInterfaceOrientations_iPad = "UIInterfaceOrientationPortrait UIInterfaceOrientationPortraitUpsideDown UIInterfaceOrientationLandscapeLeft UIInterfaceOrientationLandscapeRight";
				INFOPLIST_KEY_UISupportedInterfaceOrientations_iPhone = "UIInterfaceOrientationPortrait UIInterfaceOrientationLandscapeLeft UIInterfaceOrientationLandscapeRight";
				LD_RUNPATH_SEARCH_PATHS = (
					"$(inherited)",
					"@executable_path/Frameworks",
				);
				MARKETING_VERSION = 1.0;
				PRODUCT_BUNDLE_IDENTIFIER = "LeoGuo.Isla-Reader";
				PRODUCT_NAME = "$(TARGET_NAME)";
				SWIFT_EMIT_LOC_STRINGS = YES;
				SWIFT_VERSION = 5.0;
				TARGETED_DEVICE_FAMILY = "1,2";
			};
			name = Debug;
		};
		CA285BD82E714BD2008BE112 /* Release */ = {
			isa = XCBuildConfiguration;
			buildSettings = {
				ASSETCATALOG_COMPILER_APPICON_NAME = AppIcon;
				ASSETCATALOG_COMPILER_GLOBAL_ACCENT_COLOR_NAME = AccentColor;
				CODE_SIGN_ENTITLEMENTS = "Isla Reader/Isla_Reader.entitlements";
				CODE_SIGN_STYLE = Automatic;
				CURRENT_PROJECT_VERSION = 1;
				DEVELOPMENT_TEAM = 4V7BVL9CBT;
				ENABLE_PREVIEWS = YES;
				GENERATE_INFOPLIST_FILE = YES;
				INFOPLIST_FILE = "Isla Reader/Info.plist";
				INFOPLIST_KEY_UIApplicationSceneManifest_Generation = YES;
				INFOPLIST_KEY_UIApplicationSupportsIndirectInputEvents = YES;
				INFOPLIST_KEY_UILaunchScreen_Generation = YES;
				INFOPLIST_KEY_UISupportedInterfaceOrientations_iPad = "UIInterfaceOrientationPortrait UIInterfaceOrientationPortraitUpsideDown UIInterfaceOrientationLandscapeLeft UIInterfaceOrientationLandscapeRight";
				INFOPLIST_KEY_UISupportedInterfaceOrientations_iPhone = "UIInterfaceOrientationPortrait UIInterfaceOrientationLandscapeLeft UIInterfaceOrientationLandscapeRight";
				LD_RUNPATH_SEARCH_PATHS = (
					"$(inherited)",
					"@executable_path/Frameworks",
				);
				MARKETING_VERSION = 1.0;
				PRODUCT_BUNDLE_IDENTIFIER = "LeoGuo.Isla-Reader";
				PRODUCT_NAME = "$(TARGET_NAME)";
				SWIFT_EMIT_LOC_STRINGS = YES;
				SWIFT_VERSION = 5.0;
				TARGETED_DEVICE_FAMILY = "1,2";
			};
			name = Release;
		};
		CA285BD92E714BD2008BE112 /* Debug */ = {
			isa = XCBuildConfiguration;
			buildSettings = {
				ALWAYS_SEARCH_USER_PATHS = NO;
				ASSETCATALOG_COMPILER_GENERATE_SWIFT_ASSET_SYMBOL_EXTENSIONS = YES;
				CLANG_ANALYZER_NONNULL = YES;
				CLANG_ANALYZER_NUMBER_OBJECT_CONVERSION = YES_AGGRESSIVE;
				CLANG_CXX_LANGUAGE_STANDARD = "gnu++20";
				CLANG_ENABLE_MODULES = YES;
				CLANG_ENABLE_OBJC_ARC = YES;
				CLANG_ENABLE_OBJC_WEAK = YES;
				CLANG_WARN_BLOCK_CAPTURE_AUTORELEASING = YES;
				CLANG_WARN_BOOL_CONVERSION = YES;
				CLANG_WARN_COMMA = YES;
				CLANG_WARN_CONSTANT_CONVERSION = YES;
				CLANG_WARN_DEPRECATED_OBJC_IMPLEMENTATIONS = YES;
				CLANG_WARN_DIRECT_OBJC_ISA_USAGE = YES_ERROR;
				CLANG_WARN_DOCUMENTATION_COMMENTS = YES;
				CLANG_WARN_EMPTY_BODY = YES;
				CLANG_WARN_ENUM_CONVERSION = YES;
				CLANG_WARN_INFINITE_RECURSION = YES;
				CLANG_WARN_INT_CONVERSION = YES;
				CLANG_WARN_NON_LITERAL_NULL_CONVERSION = YES;
				CLANG_WARN_OBJC_IMPLICIT_RETAIN_SELF = YES;
				CLANG_WARN_OBJC_LITERAL_CONVERSION = YES;
				CLANG_WARN_OBJC_ROOT_CLASS = YES_ERROR;
				CLANG_WARN_QUOTED_INCLUDE_IN_FRAMEWORK_HEADER = YES;
				CLANG_WARN_RANGE_LOOP_ANALYSIS = YES;
				CLANG_WARN_STRICT_PROTOTYPES = YES;
				CLANG_WARN_SUSPICIOUS_MOVE = YES;
				CLANG_WARN_UNGUARDED_AVAILABILITY = YES_AGGRESSIVE;
				CLANG_WARN_UNREACHABLE_CODE = YES;
				CLANG_WARN__DUPLICATE_METHOD_MATCH = YES;
				COPY_PHASE_STRIP = NO;
				DEBUG_INFORMATION_FORMAT = dwarf;
				DEVELOPMENT_TEAM = 4V7BVL9CBT;
				ENABLE_STRICT_OBJC_MSGSEND = YES;
				ENABLE_TESTABILITY = YES;
				ENABLE_USER_SCRIPT_SANDBOXING = YES;
				GCC_C_LANGUAGE_STANDARD = gnu17;
				GCC_DYNAMIC_NO_PIC = NO;
				GCC_NO_COMMON_BLOCKS = YES;
				GCC_OPTIMIZATION_LEVEL = 0;
				GCC_PREPROCESSOR_DEFINITIONS = (
					"DEBUG=1",
					"$(inherited)",
				);
				GCC_WARN_64_TO_32_BIT_CONVERSION = YES;
				GCC_WARN_ABOUT_RETURN_TYPE = YES_ERROR;
				GCC_WARN_UNDECLARED_SELECTOR = YES;
				GCC_WARN_UNINITIALIZED_AUTOS = YES_AGGRESSIVE;
				GCC_WARN_UNUSED_FUNCTION = YES;
				GCC_WARN_UNUSED_VARIABLE = YES;
				IPHONEOS_DEPLOYMENT_TARGET = 18.5;
				LOCALIZATION_PREFERS_STRING_CATALOGS = YES;
				MTL_ENABLE_DEBUG_INFO = INCLUDE_SOURCE;
				MTL_FAST_MATH = YES;
				ONLY_ACTIVE_ARCH = YES;
				SDKROOT = iphoneos;
				SWIFT_ACTIVE_COMPILATION_CONDITIONS = "DEBUG $(inherited)";
				SWIFT_OPTIMIZATION_LEVEL = "-Onone";
			};
			name = Debug;
		};
		CA285BDA2E714BD2008BE112 /* Release */ = {
			isa = XCBuildConfiguration;
			buildSettings = {
				ALWAYS_SEARCH_USER_PATHS = NO;
				ASSETCATALOG_COMPILER_GENERATE_SWIFT_ASSET_SYMBOL_EXTENSIONS = YES;
				CLANG_ANALYZER_NONNULL = YES;
				CLANG_ANALYZER_NUMBER_OBJECT_CONVERSION = YES_AGGRESSIVE;
				CLANG_CXX_LANGUAGE_STANDARD = "gnu++20";
				CLANG_ENABLE_MODULES = YES;
				CLANG_ENABLE_OBJC_ARC = YES;
				CLANG_ENABLE_OBJC_WEAK = YES;
				CLANG_WARN_BLOCK_CAPTURE_AUTORELEASING = YES;
				CLANG_WARN_BOOL_CONVERSION = YES;
				CLANG_WARN_COMMA = YES;
				CLANG_WARN_CONSTANT_CONVERSION = YES;
				CLANG_WARN_DEPRECATED_OBJC_IMPLEMENTATIONS = YES;
				CLANG_WARN_DIRECT_OBJC_ISA_USAGE = YES_ERROR;
				CLANG_WARN_DOCUMENTATION_COMMENTS = YES;
				CLANG_WARN_EMPTY_BODY = YES;
				CLANG_WARN_ENUM_CONVERSION = YES;
				CLANG_WARN_INFINITE_RECURSION = YES;
				CLANG_WARN_INT_CONVERSION = YES;
				CLANG_WARN_NON_LITERAL_NULL_CONVERSION = YES;
				CLANG_WARN_OBJC_IMPLICIT_RETAIN_SELF = YES;
				CLANG_WARN_OBJC_LITERAL_CONVERSION = YES;
				CLANG_WARN_OBJC_ROOT_CLASS = YES_ERROR;
				CLANG_WARN_QUOTED_INCLUDE_IN_FRAMEWORK_HEADER = YES;
				CLANG_WARN_RANGE_LOOP_ANALYSIS = YES;
				CLANG_WARN_STRICT_PROTOTYPES = YES;
				CLANG_WARN_SUSPICIOUS_MOVE = YES;
				CLANG_WARN_UNGUARDED_AVAILABILITY = YES_AGGRESSIVE;
				CLANG_WARN_UNREACHABLE_CODE = YES;
				CLANG_WARN__DUPLICATE_METHOD_MATCH = YES;
				COPY_PHASE_STRIP = NO;
				DEBUG_INFORMATION_FORMAT = "dwarf-with-dsym";
				DEVELOPMENT_TEAM = 4V7BVL9CBT;
				ENABLE_NS_ASSERTIONS = NO;
				ENABLE_STRICT_OBJC_MSGSEND = YES;
				ENABLE_USER_SCRIPT_SANDBOXING = YES;
				GCC_C_LANGUAGE_STANDARD = gnu17;
				GCC_NO_COMMON_BLOCKS = YES;
				GCC_WARN_64_TO_32_BIT_CONVERSION = YES;
				GCC_WARN_ABOUT_RETURN_TYPE = YES_ERROR;
				GCC_WARN_UNDECLARED_SELECTOR = YES;
				GCC_WARN_UNINITIALIZED_AUTOS = YES_AGGRESSIVE;
				GCC_WARN_UNUSED_FUNCTION = YES;
				GCC_WARN_UNUSED_VARIABLE = YES;
				IPHONEOS_DEPLOYMENT_TARGET = 18.5;
				LOCALIZATION_PREFERS_STRING_CATALOGS = YES;
				MTL_ENABLE_DEBUG_INFO = NO;
				MTL_FAST_MATH = YES;
				SDKROOT = iphoneos;
				SWIFT_COMPILATION_MODE = wholemodule;
				VALIDATE_PRODUCT = YES;
			};
			name = Release;
		};
		CA285BDC2E714BD2008BE112 /* Debug */ = {
			isa = XCBuildConfiguration;
			buildSettings = {
				BUNDLE_LOADER = "$(TEST_HOST)";
				CODE_SIGN_STYLE = Automatic;
				CURRENT_PROJECT_VERSION = 1;
				DEVELOPMENT_TEAM = 4V7BVL9CBT;
				GENERATE_INFOPLIST_FILE = YES;
				IPHONEOS_DEPLOYMENT_TARGET = 18.5;
				MARKETING_VERSION = 1.0;
				PRODUCT_BUNDLE_IDENTIFIER = "LeoGuo.Isla-ReaderTests";
				PRODUCT_NAME = "$(TARGET_NAME)";
				SWIFT_EMIT_LOC_STRINGS = NO;
				SWIFT_VERSION = 5.0;
				TARGETED_DEVICE_FAMILY = "1,2";
				TEST_HOST = "$(BUILT_PRODUCTS_DIR)/Isla Reader.app/$(BUNDLE_EXECUTABLE_FOLDER_PATH)/Isla Reader";
			};
			name = Debug;
		};
		CA285BDD2E714BD2008BE112 /* Release */ = {
			isa = XCBuildConfiguration;
			buildSettings = {
				BUNDLE_LOADER = "$(TEST_HOST)";
				CODE_SIGN_STYLE = Automatic;
				CURRENT_PROJECT_VERSION = 1;
				DEVELOPMENT_TEAM = 4V7BVL9CBT;
				GENERATE_INFOPLIST_FILE = YES;
				IPHONEOS_DEPLOYMENT_TARGET = 18.5;
				MARKETING_VERSION = 1.0;
				PRODUCT_BUNDLE_IDENTIFIER = "LeoGuo.Isla-ReaderTests";
				PRODUCT_NAME = "$(TARGET_NAME)";
				SWIFT_EMIT_LOC_STRINGS = NO;
				SWIFT_VERSION = 5.0;
				TARGETED_DEVICE_FAMILY = "1,2";
				TEST_HOST = "$(BUILT_PRODUCTS_DIR)/Isla Reader.app/$(BUNDLE_EXECUTABLE_FOLDER_PATH)/Isla Reader";
			};
			name = Release;
		};
		CA285BDF2E714BD2008BE112 /* Debug */ = {
			isa = XCBuildConfiguration;
			buildSettings = {
				CODE_SIGN_STYLE = Automatic;
				CURRENT_PROJECT_VERSION = 1;
				DEVELOPMENT_TEAM = 4V7BVL9CBT;
				GENERATE_INFOPLIST_FILE = YES;
				MARKETING_VERSION = 1.0;
				PRODUCT_BUNDLE_IDENTIFIER = "LeoGuo.Isla-ReaderUITests";
				PRODUCT_NAME = "$(TARGET_NAME)";
				SWIFT_EMIT_LOC_STRINGS = NO;
				SWIFT_VERSION = 5.0;
				TARGETED_DEVICE_FAMILY = "1,2";
				TEST_TARGET_NAME = "Isla Reader";
			};
			name = Debug;
		};
		CA285BE02E714BD2008BE112 /* Release */ = {
			isa = XCBuildConfiguration;
			buildSettings = {
				CODE_SIGN_STYLE = Automatic;
				CURRENT_PROJECT_VERSION = 1;
				DEVELOPMENT_TEAM = 4V7BVL9CBT;
				GENERATE_INFOPLIST_FILE = YES;
				MARKETING_VERSION = 1.0;
				PRODUCT_BUNDLE_IDENTIFIER = "LeoGuo.Isla-ReaderUITests";
				PRODUCT_NAME = "$(TARGET_NAME)";
				SWIFT_EMIT_LOC_STRINGS = NO;
				SWIFT_VERSION = 5.0;
				TARGETED_DEVICE_FAMILY = "1,2";
				TEST_TARGET_NAME = "Isla Reader";
			};
			name = Release;
		};
/* End XCBuildConfiguration section */

/* Begin XCConfigurationList section */
		CA285BAA2E714BCF008BE112 /* Build configuration list for PBXProject "Isla Reader" */ = {
			isa = XCConfigurationList;
			buildConfigurations = (
				CA285BD92E714BD2008BE112 /* Debug */,
				CA285BDA2E714BD2008BE112 /* Release */,
			);
			defaultConfigurationIsVisible = 0;
			defaultConfigurationName = Release;
		};
		CA285BD62E714BD2008BE112 /* Build configuration list for PBXNativeTarget "Isla Reader" */ = {
			isa = XCConfigurationList;
			buildConfigurations = (
				CA285BD72E714BD2008BE112 /* Debug */,
				CA285BD82E714BD2008BE112 /* Release */,
			);
			defaultConfigurationIsVisible = 0;
			defaultConfigurationName = Release;
		};
		CA285BDB2E714BD2008BE112 /* Build configuration list for PBXNativeTarget "Isla ReaderTests" */ = {
			isa = XCConfigurationList;
			buildConfigurations = (
				CA285BDC2E714BD2008BE112 /* Debug */,
				CA285BDD2E714BD2008BE112 /* Release */,
			);
			defaultConfigurationIsVisible = 0;
			defaultConfigurationName = Release;
		};
		CA285BDE2E714BD2008BE112 /* Build configuration list for PBXNativeTarget "Isla ReaderUITests" */ = {
			isa = XCConfigurationList;
			buildConfigurations = (
				CA285BDF2E714BD2008BE112 /* Debug */,
				CA285BE02E714BD2008BE112 /* Release */,
			);
			defaultConfigurationIsVisible = 0;
			defaultConfigurationName = Release;
		};
/* End XCConfigurationList section */
	};
	rootObject = CA285BA72E714BCF008BE112 /* Project object */;
}
